[[package]]
category = "main"
description = "Classes Without Boilerplate"
name = "attrs"
optional = false
python-versions = ">=2.7, !=3.0.*, !=3.1.*, !=3.2.*, !=3.3.*"
version = "19.3.0"

[package.extras]
azure-pipelines = ["coverage", "hypothesis", "pympler", "pytest (>=4.3.0)", "six", "zope.interface", "pytest-azurepipelines"]
dev = ["coverage", "hypothesis", "pympler", "pytest (>=4.3.0)", "six", "zope.interface", "sphinx", "pre-commit"]
docs = ["sphinx", "zope.interface"]
tests = ["coverage", "hypothesis", "pympler", "pytest (>=4.3.0)", "six", "zope.interface"]

[[package]]
category = "dev"
description = "Python package for providing Mozilla's CA Bundle."
name = "certifi"
optional = false
python-versions = "*"
version = "2019.9.11"

[[package]]
category = "dev"
description = "Universal encoding detector for Python 2 and 3"
name = "chardet"
optional = false
python-versions = "*"
version = "3.0.4"

[[package]]
category = "dev"
description = "A Python library for the Docker Engine API."
name = "docker"
optional = false
python-versions = ">=2.7, !=3.0.*, !=3.1.*, !=3.2.*, !=3.3.*, !=3.4.*"
version = "4.1.0"

[package.dependencies]
requests = ">=2.14.2,<2.18.0 || >2.18.0"
six = ">=1.4.0"
websocket-client = ">=0.32.0"
[[package.dependencies.pypiwin32]]
python = "<3.6"
version = "219"

[[package.dependencies.pypiwin32]]
python = ">=3.6"
version = "223"

[package.extras]
ssh = ["paramiko (>=2.4.2)"]
tls = ["pyOpenSSL (>=17.5.0)", "cryptography (>=1.3.4)", "idna (>=2.0.0)"]

[[package]]
category = "dev"
description = "Internationalized Domain Names in Applications (IDNA)"
name = "idna"
optional = false
python-versions = ">=2.7, !=3.0.*, !=3.1.*, !=3.2.*, !=3.3.*"
version = "2.8"

[[package]]
category = "dev"
description = "Python for Window Extensions"
marker = "sys_platform == \"win32\" and python_version < \"3.6\""
name = "pypiwin32"
optional = false
python-versions = "*"
version = "219"

[[package]]
category = "dev"
description = ""
marker = "sys_platform == \"win32\" and python_version >= \"3.6\""
name = "pypiwin32"
optional = false
python-versions = "*"
version = "223"

[package.dependencies]
pywin32 = ">=223"

[[package]]
category = "dev"
description = "Python for Window Extensions"
marker = "sys_platform == \"win32\" and python_version >= \"3.6\""
name = "pywin32"
optional = false
python-versions = "*"
version = "225"

[[package]]
category = "dev"
description = "Python HTTP for Humans."
name = "requests"
optional = false
python-versions = ">=2.7, !=3.0.*, !=3.1.*, !=3.2.*, !=3.3.*, !=3.4.*"
version = "2.22.0"

[package.dependencies]
certifi = ">=2017.4.17"
chardet = ">=3.0.2,<3.1.0"
idna = ">=2.5,<2.9"
urllib3 = ">=1.21.1,<1.25.0 || >1.25.0,<1.25.1 || >1.25.1,<1.26"

[package.extras]
security = ["pyOpenSSL (>=0.14)", "cryptography (>=1.3.4)", "idna (>=2.0.0)"]
socks = ["PySocks (>=1.5.6,<1.5.7 || >1.5.7)", "win-inet-pton"]

[[package]]
category = "main"
description = "Python 2 and 3 compatibility utilities"
name = "six"
optional = false
python-versions = ">=2.6, !=3.0.*, !=3.1.*"
version = "1.12.0"

[[package]]
category = "dev"
description = "HTTP library with thread-safe connection pooling, file post, and more."
name = "urllib3"
optional = false
python-versions = ">=2.7, !=3.0.*, !=3.1.*, !=3.2.*, !=3.3.*, <4"
version = "1.25.6"

[package.extras]
brotli = ["brotlipy (>=0.6.0)"]
secure = ["pyOpenSSL (>=0.14)", "cryptography (>=1.3.4)", "idna (>=2.0.0)", "certifi", "ipaddress"]
socks = ["PySocks (>=1.5.6,<1.5.7 || >1.5.7,<2.0)"]

[[package]]
category = "dev"
description = "WebSocket client for Python. hybi13 is supported."
name = "websocket-client"
optional = false
python-versions = ">=2.6, !=3.0.*, !=3.1.*, !=3.2.*, !=3.3.*"
version = "0.56.0"

[package.dependencies]
six = "*"

[metadata]
content-hash = "1f47bc231f7bc52d7f210f42620264725cd850b52b58d59a1cd231c4108c9ab9"
python-versions = "^3.5"

[metadata.files]
attrs = [
    {file = "attrs-19.3.0-py2.py3-none-any.whl", hash = "sha256:08a96c641c3a74e44eb59afb61a24f2cb9f4d7188748e76ba4bb5edfa3cb7d1c"},
    {file = "attrs-19.3.0.tar.gz", hash = "sha256:f7b7ce16570fe9965acd6d30101a28f62fb4a7f9e926b3bbc9b61f8b04247e72"},
]
certifi = [
    {file = "certifi-2019.9.11-py2.py3-none-any.whl", hash = "sha256:fd7c7c74727ddcf00e9acd26bba8da604ffec95bf1c2144e67aff7a8b50e6cef"},
    {file = "certifi-2019.9.11.tar.gz", hash = "sha256:e4f3620cfea4f83eedc95b24abd9cd56f3c4b146dd0177e83a21b4eb49e21e50"},
]
chardet = [
    {file = "chardet-3.0.4-py2.py3-none-any.whl", hash = "sha256:fc323ffcaeaed0e0a02bf4d117757b98aed530d9ed4531e3e15460124c106691"},
    {file = "chardet-3.0.4.tar.gz", hash = "sha256:84ab92ed1c4d4f16916e05906b6b75a6c0fb5db821cc65e70cbd64a3e2a5eaae"},
]
docker = [
    {file = "docker-4.1.0-py2.py3-none-any.whl", hash = "sha256:8f93775b8bdae3a2df6bc9a5312cce564cade58d6555f2c2570165a1270cd8a7"},
    {file = "docker-4.1.0.tar.gz", hash = "sha256:6e06c5e70ba4fad73e35f00c55a895a448398f3ada7faae072e2bb01348bafc1"},
]
idna = [
    {file = "idna-2.8-py2.py3-none-any.whl", hash = "sha256:ea8b7f6188e6fa117537c3df7da9fc686d485087abf6ac197f9c46432f7e4a3c"},
    {file = "idna-2.8.tar.gz", hash = "sha256:c357b3f628cf53ae2c4c05627ecc484553142ca23264e593d327bcde5e9c3407"},
]
pypiwin32 = [
    {file = "pypiwin32-219-cp27-none-win32.whl", hash = "sha256:5618522ad9c2b229d8a9a1c5175d135a397bf70d6db1d352adf0131aa5321258"},
    {file = "pypiwin32-219-cp27-none-win_amd64.whl", hash = "sha256:fbe640e946e2fcd983048e2c40bee28eba884a9e0178fb1cf03e1d365abd8e3f"},
    {file = "pypiwin32-219-cp31-none-win32.whl", hash = "sha256:ec4b285e1a58dc6eeaa331d5d278dbc6e9da3fa2675cbb803a9c88d2b9c43f79"},
    {file = "pypiwin32-219-cp31-none-win_amd64.whl", hash = "sha256:794150d9e0c1fc61a9f5845d88028d24ffdf78253f03d7d623e0e1c103b5d92b"},
    {file = "pypiwin32-219-cp32-none-win32.whl", hash = "sha256:f226481dade2c075e7f488485b6e18a279367b94a019baf71493fab475f3a4b8"},
    {file = "pypiwin32-219-cp32-none-win_amd64.whl", hash = "sha256:f811d494040e91e38f01ef1e127177bbb9fdc350126a11cd65ac5db6cad2b92e"},
    {file = "pypiwin32-219-cp33-none-win32.whl", hash = "sha256:44217c51c54b1dd0de31bdad270d5e18dab0c8fa8c121ddf63fa86fa5991787f"},
    {file = "pypiwin32-219-cp33-none-win_amd64.whl", hash = "sha256:34fd396098d5b29b2a1ae71db5ca9ba91e1c6c5b7fb7fbff1296e0d45f0b103f"},
    {file = "pypiwin32-219-cp34-none-win32.whl", hash = "sha256:5e64895aed07c7124b57ff21e48ee0ca4caa9d1f85042b1e7c35eecd0e2f01be"},
    {file = "pypiwin32-219-cp34-none-win_amd64.whl", hash = "sha256:74ac5855269b3d67458815a709f083e74961fd5d558a4b9e1307eaa6c832d827"},
    {file = "pypiwin32-219-cp35-none-win32.whl", hash = "sha256:ca375fdf0adb961d1988786aa2bcb54aac23fd1a647b591ccf44e0965a6dc51f"},
    {file = "pypiwin32-219-cp35-none-win_amd64.whl", hash = "sha256:0b8f74a48021d71c8645d4a9de5426dcd800976a96d9a3bfb90136b24b9318a6"},
    {file = "pypiwin32-219.win-amd64-py2.7.exe", hash = "sha256:69f63942403f5a6262f05602106ef4921db582df83c59b1a3571995652a6c762"},
    {file = "pypiwin32-219.win32-py2.7.exe", hash = "sha256:5e0101cb712a3b90ee1ccdf8b90ae48958c78e8f1584e958db85bb1a403a91d2"},
    {file = "pypiwin32-219.zip", hash = "sha256:06d478295c89dbdd4187e1ac099bb8eab93c29e298bded4e2fbc77009287fa44"},
    {file = "pypiwin32-223-py3-none-any.whl", hash = "sha256:67adf399debc1d5d14dffc1ab5acacb800da569754fafdc576b2a039485aa775"},
    {file = "pypiwin32-223.tar.gz", hash = "sha256:71be40c1fbd28594214ecaecb58e7aa8b708eabfa0125c8a109ebd51edbd776a"},
]
pywin32 = [
    {file = "pywin32-225-cp27-cp27m-win32.whl", hash = "sha256:749e590875051661ecefbd9dfa957a485016de0f25e43f5e70f888ef1e29587b"},
    {file = "pywin32-225-cp27-cp27m-win_amd64.whl", hash = "sha256:81f7732b662c46274d7d8c411c905d53e71999cba95457a0686467c3ebc745ca"},
    {file = "pywin32-225-cp35-cp35m-win32.whl", hash = "sha256:09bbe7cdb29eb40ab2e83f7a232eeeedde864be7a0622b70a90f456aad07a234"},
    {file = "pywin32-225-cp35-cp35m-win_amd64.whl", hash = "sha256:9db1fb8830bfa99c5bfd335d4482c14db5c6f5028db3b006787ef4200206242b"},
    {file = "pywin32-225-cp36-cp36m-win32.whl", hash = "sha256:bd8d04835db28646d9e07fd0ab7c7b18bd90e89dfdc559e60389179495ef30da"},
    {file = "pywin32-225-cp36-cp36m-win_amd64.whl", hash = "sha256:7c89d2c11a31c7aaa16dc4d25054d7e0e99d6f6b24193cf62c83850484658c87"},
    {file = "pywin32-225-cp37-cp37m-win32.whl", hash = "sha256:779d3e9d4b934f2445d2920c3941416d99af72eb7f7fd57a63576cc8aa540ad6"},
    {file = "pywin32-225-cp37-cp37m-win_amd64.whl", hash = "sha256:fc6822a68afd79e97b015985dd455767c72009b81bcd18957068626c43f11e75"},
    {file = "pywin32-225-cp38-cp38-win32.whl", hash = "sha256:0db7c9f4b93528afd080d35912a60be2f86a1d6c49c0a9cf9cedd106eed81ea3"},
    {file = "pywin32-225-cp38-cp38-win_amd64.whl", hash = "sha256:0443e9bb196e72480f50cbddc2cf98fbb858a77d02e281ba79489ea3287b36e9"},
    {file = "pywin32-225-cp39-cp39-win32.whl", hash = "sha256:fe6cfc2045931866417740b575231c7e12d69d481643be1493487ad53b089959"},
    {file = "pywin32-225-cp39-cp39-win_amd64.whl", hash = "sha256:0d8e0f47808798d320c983574c36c49db642678902933a210edd40157d206fd0"},
]
requests = [
    {file = "requests-2.22.0-py2.py3-none-any.whl", hash = "sha256:9cf5292fcd0f598c671cfc1e0d7d1a7f13bb8085e9a590f48c010551dc6c4b31"},
    {file = "requests-2.22.0.tar.gz", hash = "sha256:11e007a8a2aa0323f5a921e9e6a2d7e4e67d9877e85773fba9ba6419025cbeb4"},
]
six = [
    {file = "six-1.12.0-py2.py3-none-any.whl", hash = "sha256:3350809f0555b11f552448330d0b52d5f24c91a322ea4a15ef22629740f3761c"},
    {file = "six-1.12.0.tar.gz", hash = "sha256:d16a0141ec1a18405cd4ce8b4613101da75da0e9a7aec5bdd4fa804d0e0eba73"},
]
urllib3 = [
    {file = "urllib3-1.25.6-py2.py3-none-any.whl", hash = "sha256:3de946ffbed6e6746608990594d08faac602528ac7015ac28d33cee6a45b7398"},
    {file = "urllib3-1.25.6.tar.gz", hash = "sha256:9a107b99a5393caf59c7aa3c1249c16e6879447533d0887f4336dde834c7be86"},
]
websocket-client = [
    {file = "websocket_client-0.56.0-py2.py3-none-any.whl", hash = "sha256:1151d5fb3a62dc129164292e1227655e4bbc5dd5340a5165dfae61128ec50aa9"},
    {file = "websocket_client-0.56.0.tar.gz", hash = "sha256:1fd5520878b68b84b5748bb30e592b10d0a91529d5383f74f4964e72b297fd3a"},
]
